
Microsoft Visual Studio Solution File, Format Version 12.00
# Visual Studio Version 16
VisualStudioVersion = 16.0.32106.194
MinimumVisualStudioVersion = 10.0.40219.1
Project("{FAE04EC0-301F-11D3-BF4B-00C04F79EFBC}") = "FiGroup.TodoList.Api", "FiGroup.TodoList.Api\FiGroup.TodoList.Api.csproj", "{01867C3F-82A7-4CFA-8E63-0F4728295A16}"
EndProject
Global
	GlobalSection(SolutionConfigurationPlatforms) = preSolution
		Debug|Any CPU = Debug|Any CPU
		Release|Any CPU = Release|Any CPU
	EndGlobalSection
	GlobalSection(ProjectConfigurationPlatforms) = postSolution
		{01867C3F-82A7-4CFA-8E63-0F4728295A16}.Debug|Any CPU.ActiveCfg = Debug|Any CPU
		{01867C3F-82A7-4CFA-8E63-0F4728295A16}.Debug|Any CPU.Build.0 = Debug|Any CPU
		{01867C3F-82A7-4CFA-8E63-0F4728295A16}.Release|Any CPU.ActiveCfg = Release|Any CPU
		{01867C3F-82A7-4CFA-8E63-0F4728295A16}.Release|Any CPU.Build.0 = Release|Any CPU
	EndGlobalSection
	GlobalSection(SolutionProperties) = preSolution
		HideSolutionNode = FALSE
	EndGlobalSection
	GlobalSection(ExtensibilityGlobals) = postSolution
		SolutionGuid = {D5E8C684-8D90-4788-A937-C99A258ABB79}
	EndGlobalSection
EndGlobal
